
Microsoft Visual Studio Solution File, Format Version 12.00
Project("{FAE04EC0-301F-11D3-BF4B-00C04F79EFBC}") = "Test", "Test\Test.csproj", "{BE9CBF70-725F-4D77-B689-3F0D27B7CDA8}"
EndProject
Project("{FAE04EC0-301F-11D3-BF4B-00C04F79EFBC}") = "RDB", "RDB\RDB.csproj", "{4860C8DA-A308-42A7-A613-BD713404B76A}"
EndProject
Global
	GlobalSection(SolutionConfigurationPlatforms) = preSolution
		Debug|Any CPU = Debug|Any CPU
		Release|Any CPU = Release|Any CPU
	EndGlobalSection
	GlobalSection(ProjectConfigurationPlatforms) = postSolution
		{BE9CBF70-725F-4D77-B689-3F0D27B7CDA8}.Debug|Any CPU.ActiveCfg = Debug|Any CPU
		{BE9CBF70-725F-4D77-B689-3F0D27B7CDA8}.Debug|Any CPU.Build.0 = Debug|Any CPU
		{BE9CBF70-725F-4D77-B689-3F0D27B7CDA8}.Release|Any CPU.ActiveCfg = Release|Any CPU
		{BE9CBF70-725F-4D77-B689-3F0D27B7CDA8}.Release|Any CPU.Build.0 = Release|Any CPU
		{4860C8DA-A308-42A7-A613-BD713404B76A}.Debug|Any CPU.ActiveCfg = Debug|Any CPU
		{4860C8DA-A308-42A7-A613-BD713404B76A}.Debug|Any CPU.Build.0 = Debug|Any CPU
		{4860C8DA-A308-42A7-A613-BD713404B76A}.Release|Any CPU.ActiveCfg = Release|Any CPU
		{4860C8DA-A308-42A7-A613-BD713404B76A}.Release|Any CPU.Build.0 = Release|Any CPU
	EndGlobalSection
EndGlobal
